
Microsoft Visual Studio Solution File, Format Version 12.00
# Visual Studio 14
VisualStudioVersion = 14.0.25123.0
MinimumVisualStudioVersion = 10.0.40219.1
Project("{FAE04EC0-301F-11D3-BF4B-00C04F79EFBC}") = "SocNet", "SocNet\SocNet.csproj", "{4D6518B5-AEC1-462B-B5A2-F96A658074A6}"
EndProject
Project("{FAE04EC0-301F-11D3-BF4B-00C04F79EFBC}") = "SocNet.Tests.Unit", "SocNet.Tests.Unit\SocNet.Tests.Unit.csproj", "{20BC5DF7-D3A6-4BE9-BDE4-00E84EC25B43}"
EndProject
Project("{FAE04EC0-301F-11D3-BF4B-00C04F79EFBC}") = "SocNet.Tests.Integration", "SocNet.Tests.Integration\SocNet.Tests.Integration.csproj", "{7BF829C0-C853-491D-9F43-31CCE52B2716}"
EndProject
Project("{FAE04EC0-301F-11D3-BF4B-00C04F79EFBC}") = "SocNet.ConsoleClient", "SocNet.ConsoleClient\SocNet.ConsoleClient.csproj", "{84DB816A-5728-45B9-8FAD-61DA09F18824}"
EndProject
Global
	GlobalSection(SolutionConfigurationPlatforms) = preSolution
		Debug|Any CPU = Debug|Any CPU
		Release|Any CPU = Release|Any CPU
	EndGlobalSection
	GlobalSection(ProjectConfigurationPlatforms) = postSolution
		{4D6518B5-AEC1-462B-B5A2-F96A658074A6}.Debug|Any CPU.ActiveCfg = Debug|Any CPU
		{4D6518B5-AEC1-462B-B5A2-F96A658074A6}.Debug|Any CPU.Build.0 = Debug|Any CPU
		{4D6518B5-AEC1-462B-B5A2-F96A658074A6}.Release|Any CPU.ActiveCfg = Release|Any CPU
		{4D6518B5-AEC1-462B-B5A2-F96A658074A6}.Release|Any CPU.Build.0 = Release|Any CPU
		{20BC5DF7-D3A6-4BE9-BDE4-00E84EC25B43}.Debug|Any CPU.ActiveCfg = Debug|Any CPU
		{20BC5DF7-D3A6-4BE9-BDE4-00E84EC25B43}.Debug|Any CPU.Build.0 = Debug|Any CPU
		{20BC5DF7-D3A6-4BE9-BDE4-00E84EC25B43}.Release|Any CPU.ActiveCfg = Release|Any CPU
		{20BC5DF7-D3A6-4BE9-BDE4-00E84EC25B43}.Release|Any CPU.Build.0 = Release|Any CPU
		{7BF829C0-C853-491D-9F43-31CCE52B2716}.Debug|Any CPU.ActiveCfg = Debug|Any CPU
		{7BF829C0-C853-491D-9F43-31CCE52B2716}.Debug|Any CPU.Build.0 = Debug|Any CPU
		{7BF829C0-C853-491D-9F43-31CCE52B2716}.Release|Any CPU.ActiveCfg = Release|Any CPU
		{7BF829C0-C853-491D-9F43-31CCE52B2716}.Release|Any CPU.Build.0 = Release|Any CPU
		{84DB816A-5728-45B9-8FAD-61DA09F18824}.Debug|Any CPU.ActiveCfg = Debug|Any CPU
		{84DB816A-5728-45B9-8FAD-61DA09F18824}.Debug|Any CPU.Build.0 = Debug|Any CPU
		{84DB816A-5728-45B9-8FAD-61DA09F18824}.Release|Any CPU.ActiveCfg = Release|Any CPU
		{84DB816A-5728-45B9-8FAD-61DA09F18824}.Release|Any CPU.Build.0 = Release|Any CPU
	EndGlobalSection
	GlobalSection(SolutionProperties) = preSolution
		HideSolutionNode = FALSE
	EndGlobalSection
EndGlobal
